
Microsoft Visual Studio Solution File, Format Version 12.00
# Visual Studio Version 17
VisualStudioVersion = 17.4.33213.308
MinimumVisualStudioVersion = 10.0.40219.1
Project("{9A19103F-16F7-4668-BE54-9A1E7A4F7556}") = "PostgreSample", "PostgreSample\PostgreSample.csproj", "{FB169E59-9817-4940-B5EB-A69725F65C60}"
EndProject
Project("{9A19103F-16F7-4668-BE54-9A1E7A4F7556}") = "Data", "Data\Data.csproj", "{4EE5275B-01B8-4366-92C4-292771DB018B}"
EndProject
Project("{9A19103F-16F7-4668-BE54-9A1E7A4F7556}") = "DataAccess", "DataAccess\DataAccess.csproj", "{F6B3DC8A-B683-44AB-84CE-CDAB4CF1D29C}"
EndProject
Project("{9A19103F-16F7-4668-BE54-9A1E7A4F7556}") = "Business", "Business\Business.csproj", "{1A5F68E6-35B3-460F-A478-1A9A5065BBDA}"
EndProject
Project("{FAE04EC0-301F-11D3-BF4B-00C04F79EFBC}") = "RabbitMQ", "RabbitMQ\RabbitMQ.csproj", "{752A175E-F451-4396-AB73-D408CCBF5B73}"
EndProject
Project("{FAE04EC0-301F-11D3-BF4B-00C04F79EFBC}") = "Consumer", "Consumer\Consumer.csproj", "{321AA492-03A1-4844-BA7D-518E20CF6731}"
EndProject
Global
	GlobalSection(SolutionConfigurationPlatforms) = preSolution
		Debug|Any CPU = Debug|Any CPU
		Release|Any CPU = Release|Any CPU
	EndGlobalSection
	GlobalSection(ProjectConfigurationPlatforms) = postSolution
		{FB169E59-9817-4940-B5EB-A69725F65C60}.Debug|Any CPU.ActiveCfg = Debug|Any CPU
		{FB169E59-9817-4940-B5EB-A69725F65C60}.Debug|Any CPU.Build.0 = Debug|Any CPU
		{FB169E59-9817-4940-B5EB-A69725F65C60}.Release|Any CPU.ActiveCfg = Release|Any CPU
		{FB169E59-9817-4940-B5EB-A69725F65C60}.Release|Any CPU.Build.0 = Release|Any CPU
		{4EE5275B-01B8-4366-92C4-292771DB018B}.Debug|Any CPU.ActiveCfg = Debug|Any CPU
		{4EE5275B-01B8-4366-92C4-292771DB018B}.Debug|Any CPU.Build.0 = Debug|Any CPU
		{4EE5275B-01B8-4366-92C4-292771DB018B}.Release|Any CPU.ActiveCfg = Release|Any CPU
		{4EE5275B-01B8-4366-92C4-292771DB018B}.Release|Any CPU.Build.0 = Release|Any CPU
		{F6B3DC8A-B683-44AB-84CE-CDAB4CF1D29C}.Debug|Any CPU.ActiveCfg = Debug|Any CPU
		{F6B3DC8A-B683-44AB-84CE-CDAB4CF1D29C}.Debug|Any CPU.Build.0 = Debug|Any CPU
		{F6B3DC8A-B683-44AB-84CE-CDAB4CF1D29C}.Release|Any CPU.ActiveCfg = Release|Any CPU
		{F6B3DC8A-B683-44AB-84CE-CDAB4CF1D29C}.Release|Any CPU.Build.0 = Release|Any CPU
		{1A5F68E6-35B3-460F-A478-1A9A5065BBDA}.Debug|Any CPU.ActiveCfg = Debug|Any CPU
		{1A5F68E6-35B3-460F-A478-1A9A5065BBDA}.Debug|Any CPU.Build.0 = Debug|Any CPU
		{1A5F68E6-35B3-460F-A478-1A9A5065BBDA}.Release|Any CPU.ActiveCfg = Release|Any CPU
		{1A5F68E6-35B3-460F-A478-1A9A5065BBDA}.Release|Any CPU.Build.0 = Release|Any CPU
		{752A175E-F451-4396-AB73-D408CCBF5B73}.Debug|Any CPU.ActiveCfg = Debug|Any CPU
		{752A175E-F451-4396-AB73-D408CCBF5B73}.Debug|Any CPU.Build.0 = Debug|Any CPU
		{752A175E-F451-4396-AB73-D408CCBF5B73}.Release|Any CPU.ActiveCfg = Release|Any CPU
		{752A175E-F451-4396-AB73-D408CCBF5B73}.Release|Any CPU.Build.0 = Release|Any CPU
		{321AA492-03A1-4844-BA7D-518E20CF6731}.Debug|Any CPU.ActiveCfg = Debug|Any CPU
		{321AA492-03A1-4844-BA7D-518E20CF6731}.Debug|Any CPU.Build.0 = Debug|Any CPU
		{321AA492-03A1-4844-BA7D-518E20CF6731}.Release|Any CPU.ActiveCfg = Release|Any CPU
		{321AA492-03A1-4844-BA7D-518E20CF6731}.Release|Any CPU.Build.0 = Release|Any CPU
	EndGlobalSection
	GlobalSection(SolutionProperties) = preSolution
		HideSolutionNode = FALSE
	EndGlobalSection
	GlobalSection(ExtensibilityGlobals) = postSolution
		SolutionGuid = {3BBFBB4F-DBFB-4F44-AEB2-F034008CB6B8}
	EndGlobalSection
EndGlobal
